// !$*UTF8*$!
{
	archiveVersion = 1;
	classes = {
	};
	objectVersion = 56;
	objects = {

/* Begin PBXBuildFile section */
		4B5072D42B4F4CB0004D05F0 /* IOS_projectApp.swift in Sources */ = {isa = PBXBuildFile; fileRef = 4B5072D32B4F4CB0004D05F0 /* IOS_projectApp.swift */; };
		4B5072D62B4F4CB0004D05F0 /* ContentView.swift in Sources */ = {isa = PBXBuildFile; fileRef = 4B5072D52B4F4CB0004D05F0 /* ContentView.swift */; };
		4B5072D82B4F4CB1004D05F0 /* Assets.xcassets in Resources */ = {isa = PBXBuildFile; fileRef = 4B5072D72B4F4CB1004D05F0 /* Assets.xcassets */; };
		4B5072DC2B4F4CB1004D05F0 /* Preview Assets.xcassets in Resources */ = {isa = PBXBuildFile; fileRef = 4B5072DB2B4F4CB1004D05F0 /* Preview Assets.xcassets */; };
		4B5072E62B4F4CB1004D05F0 /* IOS_projectTests.swift in Sources */ = {isa = PBXBuildFile; fileRef = 4B5072E52B4F4CB1004D05F0 /* IOS_projectTests.swift */; };
		4B5072F02B4F4CB1004D05F0 /* IOS_projectUITests.swift in Sources */ = {isa = PBXBuildFile; fileRef = 4B5072EF2B4F4CB1004D05F0 /* IOS_projectUITests.swift */; };
		4B5072F22B4F4CB1004D05F0 /* IOS_projectUITestsLaunchTests.swift in Sources */ = {isa = PBXBuildFile; fileRef = 4B5072F12B4F4CB1004D05F0 /* IOS_projectUITestsLaunchTests.swift */; };
/* End PBXBuildFile section */

/* Begin PBXContainerItemProxy section */
		4B5072E22B4F4CB1004D05F0 /* PBXContainerItemProxy */ = {
			isa = PBXContainerItemProxy;
			containerPortal = 4B5072C82B4F4CB0004D05F0 /* Project object */;
			proxyType = 1;
			remoteGlobalIDString = 4B5072CF2B4F4CB0004D05F0;
			remoteInfo = "IOS project";
		};
		4B5072EC2B4F4CB1004D05F0 /* PBXContainerItemProxy */ = {
			isa = PBXContainerItemProxy;
			containerPortal = 4B5072C82B4F4CB0004D05F0 /* Project object */;
			proxyType = 1;
			remoteGlobalIDString = 4B5072CF2B4F4CB0004D05F0;
			remoteInfo = "IOS project";
		};
/* End PBXContainerItemProxy section */

/* Begin PBXFileReference section */
		4B5072D02B4F4CB0004D05F0 /* IOS project.app */ = {isa = PBXFileReference; explicitFileType = wrapper.application; includeInIndex = 0; path = "IOS project.app"; sourceTree = BUILT_PRODUCTS_DIR; };
		4B5072D32B4F4CB0004D05F0 /* IOS_projectApp.swift */ = {isa = PBXFileReference; lastKnownFileType = sourcecode.swift; path = IOS_projectApp.swift; sourceTree = "<group>"; };
		4B5072D52B4F4CB0004D05F0 /* ContentView.swift */ = {isa = PBXFileReference; lastKnownFileType = sourcecode.swift; path = ContentView.swift; sourceTree = "<group>"; };
		4B5072D72B4F4CB1004D05F0 /* Assets.xcassets */ = {isa = PBXFileReference; lastKnownFileType = folder.assetcatalog; path = Assets.xcassets; sourceTree = "<group>"; };
		4B5072D92B4F4CB1004D05F0 /* IOS_project.entitlements */ = {isa = PBXFileReference; lastKnownFileType = text.plist.entitlements; path = IOS_project.entitlements; sourceTree = "<group>"; };
		4B5072DB2B4F4CB1004D05F0 /* Preview Assets.xcassets */ = {isa = PBXFileReference; lastKnownFileType = folder.assetcatalog; path = "Preview Assets.xcassets"; sourceTree = "<group>"; };
		4B5072E12B4F4CB1004D05F0 /* IOS projectTests.xctest */ = {isa = PBXFileReference; explicitFileType = wrapper.cfbundle; includeInIndex = 0; path = "IOS projectTests.xctest"; sourceTree = BUILT_PRODUCTS_DIR; };
		4B5072E52B4F4CB1004D05F0 /* IOS_projectTests.swift */ = {isa = PBXFileReference; lastKnownFileType = sourcecode.swift; path = IOS_projectTests.swift; sourceTree = "<group>"; };
		4B5072EB2B4F4CB1004D05F0 /* IOS projectUITests.xctest */ = {isa = PBXFileReference; explicitFileType = wrapper.cfbundle; includeInIndex = 0; path = "IOS projectUITests.xctest"; sourceTree = BUILT_PRODUCTS_DIR; };
		4B5072EF2B4F4CB1004D05F0 /* IOS_projectUITests.swift */ = {isa = PBXFileReference; lastKnownFileType = sourcecode.swift; path = IOS_projectUITests.swift; sourceTree = "<group>"; };
		4B5072F12B4F4CB1004D05F0 /* IOS_projectUITestsLaunchTests.swift */ = {isa = PBXFileReference; lastKnownFileType = sourcecode.swift; path = IOS_projectUITestsLaunchTests.swift; sourceTree = "<group>"; };
/* End PBXFileReference section */

/* Begin PBXFrameworksBuildPhase section */
		4B5072CD2B4F4CB0004D05F0 /* Frameworks */ = {
			isa = PBXFrameworksBuildPhase;
			buildActionMask = 2147483647;
			files = (
			);
			runOnlyForDeploymentPostprocessing = 0;
		};
		4B5072DE2B4F4CB1004D05F0 /* Frameworks */ = {
			isa = PBXFrameworksBuildPhase;
			buildActionMask = 2147483647;
			files = (
			);
			runOnlyForDeploymentPostprocessing = 0;
		};
		4B5072E82B4F4CB1004D05F0 /* Frameworks */ = {
			isa = PBXFrameworksBuildPhase;
			buildActionMask = 2147483647;
			files = (
			);
			runOnlyForDeploymentPostprocessing = 0;
		};
/* End PBXFrameworksBuildPhase section */

/* Begin PBXGroup section */
		4B5072C72B4F4CB0004D05F0 = {
			isa = PBXGroup;
			children = (
				4B5072D22B4F4CB0004D05F0 /* IOS project */,
				4B5072E42B4F4CB1004D05F0 /* IOS projectTests */,
				4B5072EE2B4F4CB1004D05F0 /* IOS projectUITests */,
				4B5072D12B4F4CB0004D05F0 /* Products */,
			);
			sourceTree = "<group>";
		};
		4B5072D12B4F4CB0004D05F0 /* Products */ = {
			isa = PBXGroup;
			children = (
				4B5072D02B4F4CB0004D05F0 /* IOS project.app */,
				4B5072E12B4F4CB1004D05F0 /* IOS projectTests.xctest */,
				4B5072EB2B4F4CB1004D05F0 /* IOS projectUITests.xctest */,
			);
			name = Products;
			sourceTree = "<group>";
		};
		4B5072D22B4F4CB0004D05F0 /* IOS project */ = {
			isa = PBXGroup;
			children = (
				4B5072D32B4F4CB0004D05F0 /* IOS_projectApp.swift */,
				4B5072D52B4F4CB0004D05F0 /* ContentView.swift */,
				4B5072D72B4F4CB1004D05F0 /* Assets.xcassets */,
				4B5072D92B4F4CB1004D05F0 /* IOS_project.entitlements */,
				4B5072DA2B4F4CB1004D05F0 /* Preview Content */,
			);
			path = "IOS project";
			sourceTree = "<group>";
		};
		4B5072DA2B4F4CB1004D05F0 /* Preview Content */ = {
			isa = PBXGroup;
			children = (
				4B5072DB2B4F4CB1004D05F0 /* Preview Assets.xcassets */,
			);
			path = "Preview Content";
			sourceTree = "<group>";
		};
		4B5072E42B4F4CB1004D05F0 /* IOS projectTests */ = {
			isa = PBXGroup;
			children = (
				4B5072E52B4F4CB1004D05F0 /* IOS_projectTests.swift */,
			);
			path = "IOS projectTests";
			sourceTree = "<group>";
		};
		4B5072EE2B4F4CB1004D05F0 /* IOS projectUITests */ = {
			isa = PBXGroup;
			children = (
				4B5072EF2B4F4CB1004D05F0 /* IOS_projectUITests.swift */,
				4B5072F12B4F4CB1004D05F0 /* IOS_projectUITestsLaunchTests.swift */,
			);
			path = "IOS projectUITests";
			sourceTree = "<group>";
		};
/* End PBXGroup section */

/* Begin PBXNativeTarget section */
		4B5072CF2B4F4CB0004D05F0 /* IOS project */ = {
			isa = PBXNativeTarget;
			buildConfigurationList = 4B5072F52B4F4CB1004D05F0 /* Build configuration list for PBXNativeTarget "IOS project" */;
			buildPhases = (
				4B5072CC2B4F4CB0004D05F0 /* Sources */,
				4B5072CD2B4F4CB0004D05F0 /* Frameworks */,
				4B5072CE2B4F4CB0004D05F0 /* Resources */,
			);
			buildRules = (
			);
			dependencies = (
			);
			name = "IOS project";
			productName = "IOS project";
			productReference = 4B5072D02B4F4CB0004D05F0 /* IOS project.app */;
			productType = "com.apple.product-type.application";
		};
		4B5072E02B4F4CB1004D05F0 /* IOS projectTests */ = {
			isa = PBXNativeTarget;
			buildConfigurationList = 4B5072F82B4F4CB1004D05F0 /* Build configuration list for PBXNativeTarget "IOS projectTests" */;
			buildPhases = (
				4B5072DD2B4F4CB1004D05F0 /* Sources */,
				4B5072DE2B4F4CB1004D05F0 /* Frameworks */,
				4B5072DF2B4F4CB1004D05F0 /* Resources */,
			);
			buildRules = (
			);
			dependencies = (
				4B5072E32B4F4CB1004D05F0 /* PBXTargetDependency */,
			);
			name = "IOS projectTests";
			productName = "IOS projectTests";
			productReference = 4B5072E12B4F4CB1004D05F0 /* IOS projectTests.xctest */;
			productType = "com.apple.product-type.bundle.unit-test";
		};
		4B5072EA2B4F4CB1004D05F0 /* IOS projectUITests */ = {
			isa = PBXNativeTarget;
			buildConfigurationList = 4B5072FB2B4F4CB1004D05F0 /* Build configuration list for PBXNativeTarget "IOS projectUITests" */;
			buildPhases = (
				4B5072E72B4F4CB1004D05F0 /* Sources */,
				4B5072E82B4F4CB1004D05F0 /* Frameworks */,
				4B5072E92B4F4CB1004D05F0 /* Resources */,
			);
			buildRules = (
			);
			dependencies = (
				4B5072ED2B4F4CB1004D05F0 /* PBXTargetDependency */,
			);
			name = "IOS projectUITests";
			productName = "IOS projectUITests";
			productReference = 4B5072EB2B4F4CB1004D05F0 /* IOS projectUITests.xctest */;
			productType = "com.apple.product-type.bundle.ui-testing";
		};
/* End PBXNativeTarget section */

/* Begin PBXProject section */
		4B5072C82B4F4CB0004D05F0 /* Project object */ = {
			isa = PBXProject;
			attributes = {
				BuildIndependentTargetsInParallel = 1;
				LastSwiftUpdateCheck = 1420;
				LastUpgradeCheck = 1420;
				TargetAttributes = {
					4B5072CF2B4F4CB0004D05F0 = {
						CreatedOnToolsVersion = 14.2;
					};
					4B5072E02B4F4CB1004D05F0 = {
						CreatedOnToolsVersion = 14.2;
						TestTargetID = 4B5072CF2B4F4CB0004D05F0;
					};
					4B5072EA2B4F4CB1004D05F0 = {
						CreatedOnToolsVersion = 14.2;
						TestTargetID = 4B5072CF2B4F4CB0004D05F0;
					};
				};
			};
			buildConfigurationList = 4B5072CB2B4F4CB0004D05F0 /* Build configuration list for PBXProject "IOS project" */;
			compatibilityVersion = "Xcode 14.0";
			developmentRegion = en;
			hasScannedForEncodings = 0;
			knownRegions = (
				en,
				Base,
			);
			mainGroup = 4B5072C72B4F4CB0004D05F0;
			productRefGroup = 4B5072D12B4F4CB0004D05F0 /* Products */;
			projectDirPath = "";
			projectRoot = "";
			targets = (
				4B5072CF2B4F4CB0004D05F0 /* IOS project */,
				4B5072E02B4F4CB1004D05F0 /* IOS projectTests */,
				4B5072EA2B4F4CB1004D05F0 /* IOS projectUITests */,
			);
		};
/* End PBXProject section */

/* Begin PBXResourcesBuildPhase section */
		4B5072CE2B4F4CB0004D05F0 /* Resources */ = {
			isa = PBXResourcesBuildPhase;
			buildActionMask = 2147483647;
			files = (
				4B5072DC2B4F4CB1004D05F0 /* Preview Assets.xcassets in Resources */,
				4B5072D82B4F4CB1004D05F0 /* Assets.xcassets in Resources */,
			);
			runOnlyForDeploymentPostprocessing = 0;
		};
		4B5072DF2B4F4CB1004D05F0 /* Resources */ = {
			isa = PBXResourcesBuildPhase;
			buildActionMask = 2147483647;
			files = (
			);
			runOnlyForDeploymentPostprocessing = 0;
		};
		4B5072E92B4F4CB1004D05F0 /* Resources */ = {
			isa = PBXResourcesBuildPhase;
			buildActionMask = 2147483647;
			files = (
			);
			runOnlyForDeploymentPostprocessing = 0;
		};
/* End PBXResourcesBuildPhase section */

/* Begin PBXSourcesBuildPhase section */
		4B5072CC2B4F4CB0004D05F0 /* Sources */ = {
			isa = PBXSourcesBuildPhase;
			buildActionMask = 2147483647;
			files = (
				4B5072D62B4F4CB0004D05F0 /* ContentView.swift in Sources */,
				4B5072D42B4F4CB0004D05F0 /* IOS_projectApp.swift in Sources */,
			);
			runOnlyForDeploymentPostprocessing = 0;
		};
		4B5072DD2B4F4CB1004D05F0 /* Sources */ = {
			isa = PBXSourcesBuildPhase;
			buildActionMask = 2147483647;
			files = (
				4B5072E62B4F4CB1004D05F0 /* IOS_projectTests.swift in Sources */,
			);
			runOnlyForDeploymentPostprocessing = 0;
		};
		4B5072E72B4F4CB1004D05F0 /* Sources */ = {
			isa = PBXSourcesBuildPhase;
			buildActionMask = 2147483647;
			files = (
				4B5072F22B4F4CB1004D05F0 /* IOS_projectUITestsLaunchTests.swift in Sources */,
				4B5072F02B4F4CB1004D05F0 /* IOS_projectUITests.swift in Sources */,
			);
			runOnlyForDeploymentPostprocessing = 0;
		};
/* End PBXSourcesBuildPhase section */

/* Begin PBXTargetDependency section */
		4B5072E32B4F4CB1004D05F0 /* PBXTargetDependency */ = {
			isa = PBXTargetDependency;
			target = 4B5072CF2B4F4CB0004D05F0 /* IOS project */;
			targetProxy = 4B5072E22B4F4CB1004D05F0 /* PBXContainerItemProxy */;
		};
		4B5072ED2B4F4CB1004D05F0 /* PBXTargetDependency */ = {
			isa = PBXTargetDependency;
			target = 4B5072CF2B4F4CB0004D05F0 /* IOS project */;
			targetProxy = 4B5072EC2B4F4CB1004D05F0 /* PBXContainerItemProxy */;
		};
/* End PBXTargetDependency section */

/* Begin XCBuildConfiguration section */
		4B5072F32B4F4CB1004D05F0 /* Debug */ = {
			isa = XCBuildConfiguration;
			buildSettings = {
				ALWAYS_SEARCH_USER_PATHS = NO;
				CLANG_ANALYZER_NONNULL = YES;
				CLANG_ANALYZER_NUMBER_OBJECT_CONVERSION = YES_AGGRESSIVE;
				CLANG_CXX_LANGUAGE_STANDARD = "gnu++20";
				CLANG_ENABLE_MODULES = YES;
				CLANG_ENABLE_OBJC_ARC = YES;
				CLANG_ENABLE_OBJC_WEAK = YES;
				CLANG_WARN_BLOCK_CAPTURE_AUTORELEASING = YES;
				CLANG_WARN_BOOL_CONVERSION = YES;
				CLANG_WARN_COMMA = YES;
				CLANG_WARN_CONSTANT_CONVERSION = YES;
				CLANG_WARN_DEPRECATED_OBJC_IMPLEMENTATIONS = YES;
				CLANG_WARN_DIRECT_OBJC_ISA_USAGE = YES_ERROR;
				CLANG_WARN_DOCUMENTATION_COMMENTS = YES;
				CLANG_WARN_EMPTY_BODY = YES;
				CLANG_WARN_ENUM_CONVERSION = YES;
				CLANG_WARN_INFINITE_RECURSION = YES;
				CLANG_WARN_INT_CONVERSION = YES;
				CLANG_WARN_NON_LITERAL_NULL_CONVERSION = YES;
				CLANG_WARN_OBJC_IMPLICIT_RETAIN_SELF = YES;
				CLANG_WARN_OBJC_LITERAL_CONVERSION = YES;
				CLANG_WARN_OBJC_ROOT_CLASS = YES_ERROR;
				CLANG_WARN_QUOTED_INCLUDE_IN_FRAMEWORK_HEADER = YES;
				CLANG_WARN_RANGE_LOOP_ANALYSIS = YES;
				CLANG_WARN_STRICT_PROTOTYPES = YES;
				CLANG_WARN_SUSPICIOUS_MOVE = YES;
				CLANG_WARN_UNGUARDED_AVAILABILITY = YES_AGGRESSIVE;
				CLANG_WARN_UNREACHABLE_CODE = YES;
				CLANG_WARN__DUPLICATE_METHOD_MATCH = YES;
				COPY_PHASE_STRIP = NO;
				DEBUG_INFORMATION_FORMAT = dwarf;
				ENABLE_STRICT_OBJC_MSGSEND = YES;
				ENABLE_TESTABILITY = YES;
				GCC_C_LANGUAGE_STANDARD = gnu11;
				GCC_DYNAMIC_NO_PIC = NO;
				GCC_NO_COMMON_BLOCKS = YES;
				GCC_OPTIMIZATION_LEVEL = 0;
				GCC_PREPROCESSOR_DEFINITIONS = (
					"DEBUG=1",
					"$(inherited)",
				);
				GCC_WARN_64_TO_32_BIT_CONVERSION = YES;
				GCC_WARN_ABOUT_RETURN_TYPE = YES_ERROR;
				GCC_WARN_UNDECLARED_SELECTOR = YES;
				GCC_WARN_UNINITIALIZED_AUTOS = YES_AGGRESSIVE;
				GCC_WARN_UNUSED_FUNCTION = YES;
				GCC_WARN_UNUSED_VARIABLE = YES;
				MTL_ENABLE_DEBUG_INFO = INCLUDE_SOURCE;
				MTL_FAST_MATH = YES;
				ONLY_ACTIVE_ARCH = YES;
				SWIFT_ACTIVE_COMPILATION_CONDITIONS = DEBUG;
				SWIFT_OPTIMIZATION_LEVEL = "-Onone";
			};
			name = Debug;
		};
		4B5072F42B4F4CB1004D05F0 /* Release */ = {
			isa = XCBuildConfiguration;
			buildSettings = {
				ALWAYS_SEARCH_USER_PATHS = NO;
				CLANG_ANALYZER_NONNULL = YES;
				CLANG_ANALYZER_NUMBER_OBJECT_CONVERSION = YES_AGGRESSIVE;
				CLANG_CXX_LANGUAGE_STANDARD = "gnu++20";
				CLANG_ENABLE_MODULES = YES;
				CLANG_ENABLE_OBJC_ARC = YES;
				CLANG_ENABLE_OBJC_WEAK = YES;
				CLANG_WARN_BLOCK_CAPTURE_AUTORELEASING = YES;
				CLANG_WARN_BOOL_CONVERSION = YES;
				CLANG_WARN_COMMA = YES;
				CLANG_WARN_CONSTANT_CONVERSION = YES;
				CLANG_WARN_DEPRECATED_OBJC_IMPLEMENTATIONS = YES;
				CLANG_WARN_DIRECT_OBJC_ISA_USAGE = YES_ERROR;
				CLANG_WARN_DOCUMENTATION_COMMENTS = YES;
				CLANG_WARN_EMPTY_BODY = YES;
				CLANG_WARN_ENUM_CONVERSION = YES;
				CLANG_WARN_INFINITE_RECURSION = YES;
				CLANG_WARN_INT_CONVERSION = YES;
				CLANG_WARN_NON_LITERAL_NULL_CONVERSION = YES;
				CLANG_WARN_OBJC_IMPLICIT_RETAIN_SELF = YES;
				CLANG_WARN_OBJC_LITERAL_CONVERSION = YES;
				CLANG_WARN_OBJC_ROOT_CLASS = YES_ERROR;
				CLANG_WARN_QUOTED_INCLUDE_IN_FRAMEWORK_HEADER = YES;
				CLANG_WARN_RANGE_LOOP_ANALYSIS = YES;
				CLANG_WARN_STRICT_PROTOTYPES = YES;
				CLANG_WARN_SUSPICIOUS_MOVE = YES;
				CLANG_WARN_UNGUARDED_AVAILABILITY = YES_AGGRESSIVE;
				CLANG_WARN_UNREACHABLE_CODE = YES;
				CLANG_WARN__DUPLICATE_METHOD_MATCH = YES;
				COPY_PHASE_STRIP = NO;
				DEBUG_INFORMATION_FORMAT = "dwarf-with-dsym";
				ENABLE_NS_ASSERTIONS = NO;
				ENABLE_STRICT_OBJC_MSGSEND = YES;
				GCC_C_LANGUAGE_STANDARD = gnu11;
				GCC_NO_COMMON_BLOCKS = YES;
				GCC_WARN_64_TO_32_BIT_CONVERSION = YES;
				GCC_WARN_ABOUT_RETURN_TYPE = YES_ERROR;
				GCC_WARN_UNDECLARED_SELECTOR = YES;
				GCC_WARN_UNINITIALIZED_AUTOS = YES_AGGRESSIVE;
				GCC_WARN_UNUSED_FUNCTION = YES;
				GCC_WARN_UNUSED_VARIABLE = YES;
				MTL_ENABLE_DEBUG_INFO = NO;
				MTL_FAST_MATH = YES;
				SWIFT_COMPILATION_MODE = wholemodule;
				SWIFT_OPTIMIZATION_LEVEL = "-O";
			};
			name = Release;
		};
		4B5072F62B4F4CB1004D05F0 /* Debug */ = {
			isa = XCBuildConfiguration;
			buildSettings = {
				ASSETCATALOG_COMPILER_APPICON_NAME = AppIcon;
				ASSETCATALOG_COMPILER_GLOBAL_ACCENT_COLOR_NAME = AccentColor;
				CODE_SIGN_ENTITLEMENTS = "IOS project/IOS_project.entitlements";
				CODE_SIGN_STYLE = Automatic;
				CURRENT_PROJECT_VERSION = 1;
				DEVELOPMENT_ASSET_PATHS = "\"IOS project/Preview Content\"";
				ENABLE_PREVIEWS = YES;
				GENERATE_INFOPLIST_FILE = YES;
				"INFOPLIST_KEY_UIApplicationSceneManifest_Generation[sdk=iphoneos*]" = YES;
				"INFOPLIST_KEY_UIApplicationSceneManifest_Generation[sdk=iphonesimulator*]" = YES;
				"INFOPLIST_KEY_UIApplicationSupportsIndirectInputEvents[sdk=iphoneos*]" = YES;
				"INFOPLIST_KEY_UIApplicationSupportsIndirectInputEvents[sdk=iphonesimulator*]" = YES;
				"INFOPLIST_KEY_UILaunchScreen_Generation[sdk=iphoneos*]" = YES;
				"INFOPLIST_KEY_UILaunchScreen_Generation[sdk=iphonesimulator*]" = YES;
				"INFOPLIST_KEY_UIStatusBarStyle[sdk=iphoneos*]" = UIStatusBarStyleDefault;
				"INFOPLIST_KEY_UIStatusBarStyle[sdk=iphonesimulator*]" = UIStatusBarStyleDefault;
				INFOPLIST_KEY_UISupportedInterfaceOrientations_iPad = "UIInterfaceOrientationPortrait UIInterfaceOrientationPortraitUpsideDown UIInterfaceOrientationLandscapeLeft UIInterfaceOrientationLandscapeRight";
				INFOPLIST_KEY_UISupportedInterfaceOrientations_iPhone = "UIInterfaceOrientationPortrait UIInterfaceOrientationLandscapeLeft UIInterfaceOrientationLandscapeRight";
				IPHONEOS_DEPLOYMENT_TARGET = 16.2;
				LD_RUNPATH_SEARCH_PATHS = "@executable_path/Frameworks";
				"LD_RUNPATH_SEARCH_PATHS[sdk=macosx*]" = "@executable_path/../Frameworks";
				MACOSX_DEPLOYMENT_TARGET = 12.7;
				MARKETING_VERSION = 1.0;
				PRODUCT_BUNDLE_IDENTIFIER = "conestoga.IOS-project";
				PRODUCT_NAME = "$(TARGET_NAME)";
				SDKROOT = auto;
				SUPPORTED_PLATFORMS = "iphoneos iphonesimulator macosx";
				SWIFT_EMIT_LOC_STRINGS = YES;
				SWIFT_VERSION = 5.0;
				TARGETED_DEVICE_FAMILY = "1,2";
			};
			name = Debug;
		};
		4B5072F72B4F4CB1004D05F0 /* Release */ = {
			isa = XCBuildConfiguration;
			buildSettings = {
				ASSETCATALOG_COMPILER_APPICON_NAME = AppIcon;
				ASSETCATALOG_COMPILER_GLOBAL_ACCENT_COLOR_NAME = AccentColor;
				CODE_SIGN_ENTITLEMENTS = "IOS project/IOS_project.entitlements";
				CODE_SIGN_STYLE = Automatic;
				CURRENT_PROJECT_VERSION = 1;
				DEVELOPMENT_ASSET_PATHS = "\"IOS project/Preview Content\"";
				ENABLE_PREVIEWS = YES;
				GENERATE_INFOPLIST_FILE = YES;
				"INFOPLIST_KEY_UIApplicationSceneManifest_Generation[sdk=iphoneos*]" = YES;
				"INFOPLIST_KEY_UIApplicationSceneManifest_Generation[sdk=iphonesimulator*]" = YES;
				"INFOPLIST_KEY_UIApplicationSupportsIndirectInputEvents[sdk=iphoneos*]" = YES;
				"INFOPLIST_KEY_UIApplicationSupportsIndirectInputEvents[sdk=iphonesimulator*]" = YES;
				"INFOPLIST_KEY_UILaunchScreen_Generation[sdk=iphoneos*]" = YES;
				"INFOPLIST_KEY_UILaunchScreen_Generation[sdk=iphonesimulator*]" = YES;
				"INFOPLIST_KEY_UIStatusBarStyle[sdk=iphoneos*]" = UIStatusBarStyleDefault;
				"INFOPLIST_KEY_UIStatusBarStyle[sdk=iphonesimulator*]" = UIStatusBarStyleDefault;
				INFOPLIST_KEY_UISupportedInterfaceOrientations_iPad = "UIInterfaceOrientationPortrait UIInterfaceOrientationPortraitUpsideDown UIInterfaceOrientationLandscapeLeft UIInterfaceOrientationLandscapeRight";
				INFOPLIST_KEY_UISupportedInterfaceOrientations_iPhone = "UIInterfaceOrientationPortrait UIInterfaceOrientationLandscapeLeft UIInterfaceOrientationLandscapeRight";
				IPHONEOS_DEPLOYMENT_TARGET = 16.2;
				LD_RUNPATH_SEARCH_PATHS = "@executable_path/Frameworks";
				"LD_RUNPATH_SEARCH_PATHS[sdk=macosx*]" = "@executable_path/../Frameworks";
				MACOSX_DEPLOYMENT_TARGET = 12.7;
				MARKETING_VERSION = 1.0;
				PRODUCT_BUNDLE_IDENTIFIER = "conestoga.IOS-project";
				PRODUCT_NAME = "$(TARGET_NAME)";
				SDKROOT = auto;
				SUPPORTED_PLATFORMS = "iphoneos iphonesimulator macosx";
				SWIFT_EMIT_LOC_STRINGS = YES;
				SWIFT_VERSION = 5.0;
				TARGETED_DEVICE_FAMILY = "1,2";
			};
			name = Release;
		};
		4B5072F92B4F4CB1004D05F0 /* Debug */ = {
			isa = XCBuildConfiguration;
			buildSettings = {
				ALWAYS_EMBED_SWIFT_STANDARD_LIBRARIES = YES;
				BUNDLE_LOADER = "$(TEST_HOST)";
				CODE_SIGN_STYLE = Automatic;
				CURRENT_PROJECT_VERSION = 1;
				GENERATE_INFOPLIST_FILE = YES;
				IPHONEOS_DEPLOYMENT_TARGET = 16.2;
				MACOSX_DEPLOYMENT_TARGET = 12.7;
				MARKETING_VERSION = 1.0;
				PRODUCT_BUNDLE_IDENTIFIER = "conestoga.IOS-projectTests";
				PRODUCT_NAME = "$(TARGET_NAME)";
				SDKROOT = auto;
				SUPPORTED_PLATFORMS = "iphoneos iphonesimulator macosx";
				SWIFT_EMIT_LOC_STRINGS = NO;
				SWIFT_VERSION = 5.0;
				TARGETED_DEVICE_FAMILY = "1,2";
				TEST_HOST = "$(BUILT_PRODUCTS_DIR)/IOS project.app/$(BUNDLE_EXECUTABLE_FOLDER_PATH)/IOS project";
			};
			name = Debug;
		};
		4B5072FA2B4F4CB1004D05F0 /* Release */ = {
			isa = XCBuildConfiguration;
			buildSettings = {
				ALWAYS_EMBED_SWIFT_STANDARD_LIBRARIES = YES;
				BUNDLE_LOADER = "$(TEST_HOST)";
				CODE_SIGN_STYLE = Automatic;
				CURRENT_PROJECT_VERSION = 1;
				GENERATE_INFOPLIST_FILE = YES;
				IPHONEOS_DEPLOYMENT_TARGET = 16.2;
				MACOSX_DEPLOYMENT_TARGET = 12.7;
				MARKETING_VERSION = 1.0;
				PRODUCT_BUNDLE_IDENTIFIER = "conestoga.IOS-projectTests";
				PRODUCT_NAME = "$(TARGET_NAME)";
				SDKROOT = auto;
				SUPPORTED_PLATFORMS = "iphoneos iphonesimulator macosx";
				SWIFT_EMIT_LOC_STRINGS = NO;
				SWIFT_VERSION = 5.0;
				TARGETED_DEVICE_FAMILY = "1,2";
				TEST_HOST = "$(BUILT_PRODUCTS_DIR)/IOS project.app/$(BUNDLE_EXECUTABLE_FOLDER_PATH)/IOS project";
			};
			name = Release;
		};
		4B5072FC2B4F4CB1004D05F0 /* Debug */ = {
			isa = XCBuildConfiguration;
			buildSettings = {
				ALWAYS_EMBED_SWIFT_STANDARD_LIBRARIES = YES;
				CODE_SIGN_STYLE = Automatic;
				CURRENT_PROJECT_VERSION = 1;
				GENERATE_INFOPLIST_FILE = YES;
				IPHONEOS_DEPLOYMENT_TARGET = 16.2;
				MACOSX_DEPLOYMENT_TARGET = 12.7;
				MARKETING_VERSION = 1.0;
				PRODUCT_BUNDLE_IDENTIFIER = "conestoga.IOS-projectUITests";
				PRODUCT_NAME = "$(TARGET_NAME)";
				SDKROOT = auto;
				SUPPORTED_PLATFORMS = "iphoneos iphonesimulator macosx";
				SWIFT_EMIT_LOC_STRINGS = NO;
				SWIFT_VERSION = 5.0;
				TARGETED_DEVICE_FAMILY = "1,2";
				TEST_TARGET_NAME = "IOS project";
			};
			name = Debug;
		};
		4B5072FD2B4F4CB1004D05F0 /* Release */ = {
			isa = XCBuildConfiguration;
			buildSettings = {
				ALWAYS_EMBED_SWIFT_STANDARD_LIBRARIES = YES;
				CODE_SIGN_STYLE = Automatic;
				CURRENT_PROJECT_VERSION = 1;
				GENERATE_INFOPLIST_FILE = YES;
				IPHONEOS_DEPLOYMENT_TARGET = 16.2;
				MACOSX_DEPLOYMENT_TARGET = 12.7;
				MARKETING_VERSION = 1.0;
				PRODUCT_BUNDLE_IDENTIFIER = "conestoga.IOS-projectUITests";
				PRODUCT_NAME = "$(TARGET_NAME)";
				SDKROOT = auto;
				SUPPORTED_PLATFORMS = "iphoneos iphonesimulator macosx";
				SWIFT_EMIT_LOC_STRINGS = NO;
				SWIFT_VERSION = 5.0;
				TARGETED_DEVICE_FAMILY = "1,2";
				TEST_TARGET_NAME = "IOS project";
			};
			name = Release;
		};
/* End XCBuildConfiguration section */

/* Begin XCConfigurationList section */
		4B5072CB2B4F4CB0004D05F0 /* Build configuration list for PBXProject "IOS project" */ = {
			isa = XCConfigurationList;
			buildConfigurations = (
				4B5072F32B4F4CB1004D05F0 /* Debug */,
				4B5072F42B4F4CB1004D05F0 /* Release */,
			);
			defaultConfigurationIsVisible = 0;
			defaultConfigurationName = Release;
		};
		4B5072F52B4F4CB1004D05F0 /* Build configuration list for PBXNativeTarget "IOS project" */ = {
			isa = XCConfigurationList;
			buildConfigurations = (
				4B5072F62B4F4CB1004D05F0 /* Debug */,
				4B5072F72B4F4CB1004D05F0 /* Release */,
			);
			defaultConfigurationIsVisible = 0;
			defaultConfigurationName = Release;
		};
		4B5072F82B4F4CB1004D05F0 /* Build configuration list for PBXNativeTarget "IOS projectTests" */ = {
			isa = XCConfigurationList;
			buildConfigurations = (
				4B5072F92B4F4CB1004D05F0 /* Debug */,
				4B5072FA2B4F4CB1004D05F0 /* Release */,
			);
			defaultConfigurationIsVisible = 0;
			defaultConfigurationName = Release;
		};
		4B5072FB2B4F4CB1004D05F0 /* Build configuration list for PBXNativeTarget "IOS projectUITests" */ = {
			isa = XCConfigurationList;
			buildConfigurations = (
				4B5072FC2B4F4CB1004D05F0 /* Debug */,
				4B5072FD2B4F4CB1004D05F0 /* Release */,
			);
			defaultConfigurationIsVisible = 0;
			defaultConfigurationName = Release;
		};
/* End XCConfigurationList section */
	};
	rootObject = 4B5072C82B4F4CB0004D05F0 /* Project object */;
}
